
Microsoft Visual Studio Solution File, Format Version 12.00
# Visual Studio 15
VisualStudioVersion = 15.0.28010.2050
MinimumVisualStudioVersion = 10.0.40219.1
Project("{FAE04EC0-301F-11D3-BF4B-00C04F79EFBC}") = "Day_01", "Day_01\Day_01.csproj", "{DAD4E884-8709-4AC3-B8BB-81F99C0CE63A}"
EndProject
Global
	GlobalSection(SolutionConfigurationPlatforms) = preSolution
		Debug|Any CPU = Debug|Any CPU
		Release|Any CPU = Release|Any CPU
	EndGlobalSection
	GlobalSection(ProjectConfigurationPlatforms) = postSolution
		{DAD4E884-8709-4AC3-B8BB-81F99C0CE63A}.Debug|Any CPU.ActiveCfg = Debug|Any CPU
		{DAD4E884-8709-4AC3-B8BB-81F99C0CE63A}.Debug|Any CPU.Build.0 = Debug|Any CPU
		{DAD4E884-8709-4AC3-B8BB-81F99C0CE63A}.Release|Any CPU.ActiveCfg = Release|Any CPU
		{DAD4E884-8709-4AC3-B8BB-81F99C0CE63A}.Release|Any CPU.Build.0 = Release|Any CPU
	EndGlobalSection
	GlobalSection(SolutionProperties) = preSolution
		HideSolutionNode = FALSE
	EndGlobalSection
	GlobalSection(ExtensibilityGlobals) = postSolution
		SolutionGuid = {F52AFCCA-A2F6-434B-AB03-58EAC5D88E21}
	EndGlobalSection
EndGlobal
